
Microsoft Visual Studio Solution File, Format Version 12.00
# Visual Studio Version 16
VisualStudioVersion = 16.0.31005.135
MinimumVisualStudioVersion = 10.0.40219.1
Project("{9A19103F-16F7-4668-BE54-9A1E7A4F7556}") = "AdESNet.NetCoreTest", "test\AdESNet.NetCoreTest\AdESNet.NetCoreTest.csproj", "{8874E927-2748-4B2F-AD2E-299C1387FC40}"
EndProject
Project("{9A19103F-16F7-4668-BE54-9A1E7A4F7556}") = "AdESNet.ConsoleTest", "test\AdESNet.ConsoleTest\AdESNet.ConsoleTest.csproj", "{B0900FEC-7B3E-4D4E-B813-84F583199C9A}"
EndProject
Project("{8BC9CEB8-8B4A-11D0-8D11-00A0C91BC942}") = "AdESNet.CLR", "src\AdESNet.CLR\AdESNet.CLR.vcxproj", "{285D0D8F-9F2F-49A5-BBEE-AE774587AD57}"
EndProject
Project("{8BC9CEB8-8B4A-11D0-8D11-00A0C91BC942}") = "AdESNet.CLRFramework", "src\AdESNet.CLRFramework\AdESNet.CLRFramework.vcxproj", "{8D6FC90C-C1A4-4B64-A41A-FEB8C0DE674C}"
EndProject
Project("{FAE04EC0-301F-11D3-BF4B-00C04F79EFBC}") = "AdESNet.NetFrameworkTest", "test\AdESNet.NetFrameworkTest\AdESNet.NetFrameworkTest.csproj", "{32B7A107-C5A4-42DD-A1FC-432220C78DF5}"
EndProject
Project("{9A19103F-16F7-4668-BE54-9A1E7A4F7556}") = "AdESNet", "src\AdESNet\AdESNet.csproj", "{ACABE594-105B-4347-9238-B9913CCCB754}"
EndProject
Project("{2150E333-8FDC-42A3-9474-1A3956D46DE8}") = "lib", "lib", "{30CB7C3F-7E57-4240-A768-C4F61C1D8134}"
	ProjectSection(SolutionItems) = preProject
		lib\AdESNet.Common.h = lib\AdESNet.Common.h
	EndProjectSection
EndProject
Project("{2150E333-8FDC-42A3-9474-1A3956D46DE8}") = "x86", "x86", "{609D8CA8-95B8-4E07-9D61-F174F93ADD51}"
EndProject
Project("{2150E333-8FDC-42A3-9474-1A3956D46DE8}") = "x64", "x64", "{742C15E6-9346-4C89-9C36-4665CA0EAF93}"
EndProject
Project("{2150E333-8FDC-42A3-9474-1A3956D46DE8}") = "debug", "debug", "{7F75E996-C6B4-4639-A9AB-2453556DBD51}"
	ProjectSection(SolutionItems) = preProject
		lib\x64\debug\AdES.hpp = lib\x64\debug\AdES.hpp
		lib\x64\debug\AdES.lib = lib\x64\debug\AdES.lib
		lib\x64\debug\zlibd.lib = lib\x64\debug\zlibd.lib
		lib\x64\debug\zlibstaticd.lib = lib\x64\debug\zlibstaticd.lib
	EndProjectSection
EndProject
Project("{2150E333-8FDC-42A3-9474-1A3956D46DE8}") = "release", "release", "{0C2CF8E6-8D70-4B2C-B5E1-B0CC5127F811}"
	ProjectSection(SolutionItems) = preProject
		lib\x64\release\AdES.hpp = lib\x64\release\AdES.hpp
		lib\x64\release\AdES.lib = lib\x64\release\AdES.lib
		lib\x64\release\zlib.lib = lib\x64\release\zlib.lib
		lib\x64\release\zlibstatic.lib = lib\x64\release\zlibstatic.lib
	EndProjectSection
EndProject
Project("{2150E333-8FDC-42A3-9474-1A3956D46DE8}") = "debug", "debug", "{790805D8-9EAC-4D94-BD09-869D2621965F}"
	ProjectSection(SolutionItems) = preProject
		lib\x86\debug\AdES.hpp = lib\x86\debug\AdES.hpp
		lib\x86\debug\AdES.lib = lib\x86\debug\AdES.lib
		lib\x86\debug\zlibd.lib = lib\x86\debug\zlibd.lib
		lib\x86\debug\zlibstaticd.lib = lib\x86\debug\zlibstaticd.lib
	EndProjectSection
EndProject
Project("{2150E333-8FDC-42A3-9474-1A3956D46DE8}") = "release", "release", "{0DCC45F0-0BE6-4FF9-B952-8FDC9D38ED86}"
	ProjectSection(SolutionItems) = preProject
		lib\x86\release\AdES.hpp = lib\x86\release\AdES.hpp
		lib\x86\release\AdES.lib = lib\x86\release\AdES.lib
		lib\x86\release\zlib.lib = lib\x86\release\zlib.lib
		lib\x86\release\zlibstatic.lib = lib\x86\release\zlibstatic.lib
	EndProjectSection
EndProject
Global
	GlobalSection(SolutionConfigurationPlatforms) = preSolution
		Debug|Any CPU = Debug|Any CPU
		Debug|x64 = Debug|x64
		Debug|x86 = Debug|x86
		Release|Any CPU = Release|Any CPU
		Release|x64 = Release|x64
		Release|x86 = Release|x86
	EndGlobalSection
	GlobalSection(ProjectConfigurationPlatforms) = postSolution
		{8874E927-2748-4B2F-AD2E-299C1387FC40}.Debug|Any CPU.ActiveCfg = Debug|Any CPU
		{8874E927-2748-4B2F-AD2E-299C1387FC40}.Debug|Any CPU.Build.0 = Debug|Any CPU
		{8874E927-2748-4B2F-AD2E-299C1387FC40}.Debug|x64.ActiveCfg = Debug|x64
		{8874E927-2748-4B2F-AD2E-299C1387FC40}.Debug|x64.Build.0 = Debug|x64
		{8874E927-2748-4B2F-AD2E-299C1387FC40}.Debug|x86.ActiveCfg = Debug|x86
		{8874E927-2748-4B2F-AD2E-299C1387FC40}.Debug|x86.Build.0 = Debug|x86
		{8874E927-2748-4B2F-AD2E-299C1387FC40}.Release|Any CPU.ActiveCfg = Release|Any CPU
		{8874E927-2748-4B2F-AD2E-299C1387FC40}.Release|Any CPU.Build.0 = Release|Any CPU
		{8874E927-2748-4B2F-AD2E-299C1387FC40}.Release|x64.ActiveCfg = Release|x64
		{8874E927-2748-4B2F-AD2E-299C1387FC40}.Release|x64.Build.0 = Release|x64
		{8874E927-2748-4B2F-AD2E-299C1387FC40}.Release|x86.ActiveCfg = Release|x86
		{8874E927-2748-4B2F-AD2E-299C1387FC40}.Release|x86.Build.0 = Release|x86
		{B0900FEC-7B3E-4D4E-B813-84F583199C9A}.Debug|Any CPU.ActiveCfg = Debug|Any CPU
		{B0900FEC-7B3E-4D4E-B813-84F583199C9A}.Debug|Any CPU.Build.0 = Debug|Any CPU
		{B0900FEC-7B3E-4D4E-B813-84F583199C9A}.Debug|x64.ActiveCfg = Debug|x64
		{B0900FEC-7B3E-4D4E-B813-84F583199C9A}.Debug|x64.Build.0 = Debug|x64
		{B0900FEC-7B3E-4D4E-B813-84F583199C9A}.Debug|x86.ActiveCfg = Debug|x86
		{B0900FEC-7B3E-4D4E-B813-84F583199C9A}.Debug|x86.Build.0 = Debug|x86
		{B0900FEC-7B3E-4D4E-B813-84F583199C9A}.Release|Any CPU.ActiveCfg = Release|Any CPU
		{B0900FEC-7B3E-4D4E-B813-84F583199C9A}.Release|Any CPU.Build.0 = Release|Any CPU
		{B0900FEC-7B3E-4D4E-B813-84F583199C9A}.Release|x64.ActiveCfg = Release|x64
		{B0900FEC-7B3E-4D4E-B813-84F583199C9A}.Release|x64.Build.0 = Release|x64
		{B0900FEC-7B3E-4D4E-B813-84F583199C9A}.Release|x86.ActiveCfg = Release|x86
		{B0900FEC-7B3E-4D4E-B813-84F583199C9A}.Release|x86.Build.0 = Release|x86
		{285D0D8F-9F2F-49A5-BBEE-AE774587AD57}.Debug|Any CPU.ActiveCfg = Debug|x64
		{285D0D8F-9F2F-49A5-BBEE-AE774587AD57}.Debug|Any CPU.Build.0 = Debug|x64
		{285D0D8F-9F2F-49A5-BBEE-AE774587AD57}.Debug|x64.ActiveCfg = Debug|x64
		{285D0D8F-9F2F-49A5-BBEE-AE774587AD57}.Debug|x64.Build.0 = Debug|x64
		{285D0D8F-9F2F-49A5-BBEE-AE774587AD57}.Debug|x86.ActiveCfg = Debug|Win32
		{285D0D8F-9F2F-49A5-BBEE-AE774587AD57}.Debug|x86.Build.0 = Debug|Win32
		{285D0D8F-9F2F-49A5-BBEE-AE774587AD57}.Release|Any CPU.ActiveCfg = Release|x64
		{285D0D8F-9F2F-49A5-BBEE-AE774587AD57}.Release|x64.ActiveCfg = Release|x64
		{285D0D8F-9F2F-49A5-BBEE-AE774587AD57}.Release|x64.Build.0 = Release|x64
		{285D0D8F-9F2F-49A5-BBEE-AE774587AD57}.Release|x86.ActiveCfg = Release|Win32
		{285D0D8F-9F2F-49A5-BBEE-AE774587AD57}.Release|x86.Build.0 = Release|Win32
		{8D6FC90C-C1A4-4B64-A41A-FEB8C0DE674C}.Debug|Any CPU.ActiveCfg = Debug|x64
		{8D6FC90C-C1A4-4B64-A41A-FEB8C0DE674C}.Debug|Any CPU.Build.0 = Debug|x64
		{8D6FC90C-C1A4-4B64-A41A-FEB8C0DE674C}.Debug|x64.ActiveCfg = Debug|x64
		{8D6FC90C-C1A4-4B64-A41A-FEB8C0DE674C}.Debug|x64.Build.0 = Debug|x64
		{8D6FC90C-C1A4-4B64-A41A-FEB8C0DE674C}.Debug|x86.ActiveCfg = Debug|Win32
		{8D6FC90C-C1A4-4B64-A41A-FEB8C0DE674C}.Debug|x86.Build.0 = Debug|Win32
		{8D6FC90C-C1A4-4B64-A41A-FEB8C0DE674C}.Release|Any CPU.ActiveCfg = Release|x64
		{8D6FC90C-C1A4-4B64-A41A-FEB8C0DE674C}.Release|x64.ActiveCfg = Release|x64
		{8D6FC90C-C1A4-4B64-A41A-FEB8C0DE674C}.Release|x64.Build.0 = Release|x64
		{8D6FC90C-C1A4-4B64-A41A-FEB8C0DE674C}.Release|x86.ActiveCfg = Release|Win32
		{8D6FC90C-C1A4-4B64-A41A-FEB8C0DE674C}.Release|x86.Build.0 = Release|Win32
		{32B7A107-C5A4-42DD-A1FC-432220C78DF5}.Debug|Any CPU.ActiveCfg = Debug|Any CPU
		{32B7A107-C5A4-42DD-A1FC-432220C78DF5}.Debug|Any CPU.Build.0 = Debug|Any CPU
		{32B7A107-C5A4-42DD-A1FC-432220C78DF5}.Debug|x64.ActiveCfg = Debug|x64
		{32B7A107-C5A4-42DD-A1FC-432220C78DF5}.Debug|x64.Build.0 = Debug|x64
		{32B7A107-C5A4-42DD-A1FC-432220C78DF5}.Debug|x86.ActiveCfg = Debug|x86
		{32B7A107-C5A4-42DD-A1FC-432220C78DF5}.Debug|x86.Build.0 = Debug|x86
		{32B7A107-C5A4-42DD-A1FC-432220C78DF5}.Release|Any CPU.ActiveCfg = Release|Any CPU
		{32B7A107-C5A4-42DD-A1FC-432220C78DF5}.Release|Any CPU.Build.0 = Release|Any CPU
		{32B7A107-C5A4-42DD-A1FC-432220C78DF5}.Release|x64.ActiveCfg = Release|x64
		{32B7A107-C5A4-42DD-A1FC-432220C78DF5}.Release|x64.Build.0 = Release|x64
		{32B7A107-C5A4-42DD-A1FC-432220C78DF5}.Release|x86.ActiveCfg = Release|x86
		{32B7A107-C5A4-42DD-A1FC-432220C78DF5}.Release|x86.Build.0 = Release|x86
		{ACABE594-105B-4347-9238-B9913CCCB754}.Debug|Any CPU.ActiveCfg = Debug|Any CPU
		{ACABE594-105B-4347-9238-B9913CCCB754}.Debug|Any CPU.Build.0 = Debug|Any CPU
		{ACABE594-105B-4347-9238-B9913CCCB754}.Debug|x64.ActiveCfg = Debug|x64
		{ACABE594-105B-4347-9238-B9913CCCB754}.Debug|x64.Build.0 = Debug|x64
		{ACABE594-105B-4347-9238-B9913CCCB754}.Debug|x86.ActiveCfg = Debug|x86
		{ACABE594-105B-4347-9238-B9913CCCB754}.Debug|x86.Build.0 = Debug|x86
		{ACABE594-105B-4347-9238-B9913CCCB754}.Release|Any CPU.ActiveCfg = Release|Any CPU
		{ACABE594-105B-4347-9238-B9913CCCB754}.Release|Any CPU.Build.0 = Release|Any CPU
		{ACABE594-105B-4347-9238-B9913CCCB754}.Release|x64.ActiveCfg = Release|x64
		{ACABE594-105B-4347-9238-B9913CCCB754}.Release|x64.Build.0 = Release|x64
		{ACABE594-105B-4347-9238-B9913CCCB754}.Release|x86.ActiveCfg = Release|x86
		{ACABE594-105B-4347-9238-B9913CCCB754}.Release|x86.Build.0 = Release|x86
	EndGlobalSection
	GlobalSection(SolutionProperties) = preSolution
		HideSolutionNode = FALSE
	EndGlobalSection
	GlobalSection(NestedProjects) = preSolution
		{609D8CA8-95B8-4E07-9D61-F174F93ADD51} = {30CB7C3F-7E57-4240-A768-C4F61C1D8134}
		{742C15E6-9346-4C89-9C36-4665CA0EAF93} = {30CB7C3F-7E57-4240-A768-C4F61C1D8134}
		{7F75E996-C6B4-4639-A9AB-2453556DBD51} = {742C15E6-9346-4C89-9C36-4665CA0EAF93}
		{0C2CF8E6-8D70-4B2C-B5E1-B0CC5127F811} = {742C15E6-9346-4C89-9C36-4665CA0EAF93}
		{790805D8-9EAC-4D94-BD09-869D2621965F} = {609D8CA8-95B8-4E07-9D61-F174F93ADD51}
		{0DCC45F0-0BE6-4FF9-B952-8FDC9D38ED86} = {609D8CA8-95B8-4E07-9D61-F174F93ADD51}
	EndGlobalSection
	GlobalSection(ExtensibilityGlobals) = postSolution
		SolutionGuid = {396970AF-2F2D-4891-BF06-3695BCB11154}
	EndGlobalSection
EndGlobal
